PODS:
  - AFNetworking (2.4.1):
    - AFNetworking/NSURLConnection (= 2.4.1)
    - AFNetworking/NSURLSession (= 2.4.1)
    - AFNetworking/Reachability (= 2.4.1)
    - AFNetworking/Security (= 2.4.1)
    - AFNetworking/Serialization (= 2.4.1)
    - AFNetworking/UIKit (= 2.4.1)
  - AFNetworking/NSURLConnection (2.4.1):
    - AFNetworking/Reachability
    - AFNetworking/Security
    - AFNetworking/Serialization
  - AFNetworking/NSURLSession (2.4.1):
    - AFNetworking/Reachability
    - AFNetworking/Security
    - AFNetworking/Serialization
  - AFNetworking/Reachability (2.4.1)
  - AFNetworking/Security (2.4.1)
  - AFNetworking/Serialization (2.4.1)
  - AFNetworking/UIKit (2.4.1):
    - AFNetworking/NSURLConnection
    - AFNetworking/NSURLSession
  - Aspects (1.4.1)
  - CocoaLumberjack (1.9.2):
    - CocoaLumberjack/Extensions (= 1.9.2)
  - CocoaLumberjack/Core (1.9.2)
  - CocoaLumberjack/Extensions (1.9.2):
    - CocoaLumberjack/Core
  - Mantle (1.5.1):
    - Mantle/extobjc (= 1.5.1)
  - Mantle/extobjc (1.5.1)
  - OCMock (2.2.4)
  - OHHTTPStubs (3.1.10):
    - OHHTTPStubs/Core (= 3.1.10)
  - OHHTTPStubs/Core (3.1.10)
  - RegExCategories (1.0)
  - xflowapp (0.1.0):
    - AFNetworking (~> 2.4.1)
    - Aspects (~> 1.4.1)
    - Mantle (~> 1.5.1)
    - OHHTTPStubs (~> 3.1.2)
  - xflowparser (0.1.0):
    - Mantle (~> 1.5.1)
    - RegExCategories (~> 1.0)
    - xflowparser/Models (= 0.1.0)
    - xflowparser/Parser (= 0.1.0)
  - xflowparser/Models (0.1.0):
    - Mantle (~> 1.5.1)
    - RegExCategories (~> 1.0)
  - xflowparser/Parser (0.1.0):
    - Mantle (~> 1.5.1)
    - RegExCategories (~> 1.0)

DEPENDENCIES:
  - CocoaLumberjack (~> 1.9.2)
  - OCMock (~> 2.2.4)
  - xflowapp (from `../`)
  - xflowparser (from `https://github.com/xflow/xflowparser.git`)

EXTERNAL SOURCES:
  xflowapp:
    :path: ../
  xflowparser:
    :git: https://github.com/xflow/xflowparser.git

CHECKOUT OPTIONS:
  xflowparser:
    :commit: 585e9d42913268a3a5b48cef0e0e6e56910d382b
    :git: https://github.com/xflow/xflowparser.git

SPEC CHECKSUMS:
  AFNetworking: 0aabc6fae66d6e5d039eeb21c315843c7aae51ab
  Aspects: a6368eba05295b24ffe0e9acfb9080cc3b0f4b5f
  CocoaLumberjack: 205769c032b5fef85b92472046bcc8b7e7c8a817
  Mantle: d7c5ac734579ec751c58fecbf56189853056c58c
  OCMock: 6db79185520e24f9f299548f2b8b07e41d881bd5
  OHHTTPStubs: 2038e929b6abb94881000524c1cb4aba0a1bb4a2
  RegExCategories: a6410301023ff81bd047c05fd8691d24ca5c7ea9
  xflowapp: 80c56efb1ce186b31f0c6a05751a9850f652451b
  xflowparser: 58c223faa60216dd4f56915955447cd4cc166433

COCOAPODS: 0.35.0
